
Microsoft Visual Studio Solution File, Format Version 12.00
# Visual Studio 15
VisualStudioVersion = 15.0.28307.902
MinimumVisualStudioVersion = 10.0.40219.1
Project("{FAE04EC0-301F-11D3-BF4B-00C04F79EFBC}") = "Server", "Server\Server.csproj", "{C8DA3A55-043A-4B1E-A9B9-F89EF074A935}"
EndProject
Global
	GlobalSection(SolutionConfigurationPlatforms) = preSolution
		Debug|Any CPU = Debug|Any CPU
		Release|Any CPU = Release|Any CPU
	EndGlobalSection
	GlobalSection(ProjectConfigurationPlatforms) = postSolution
		{C8DA3A55-043A-4B1E-A9B9-F89EF074A935}.Debug|Any CPU.ActiveCfg = Debug|Any CPU
		{C8DA3A55-043A-4B1E-A9B9-F89EF074A935}.Debug|Any CPU.Build.0 = Debug|Any CPU
		{C8DA3A55-043A-4B1E-A9B9-F89EF074A935}.Release|Any CPU.ActiveCfg = Release|Any CPU
		{C8DA3A55-043A-4B1E-A9B9-F89EF074A935}.Release|Any CPU.Build.0 = Release|Any CPU
	EndGlobalSection
	GlobalSection(SolutionProperties) = preSolution
		HideSolutionNode = FALSE
	EndGlobalSection
	GlobalSection(ExtensibilityGlobals) = postSolution
		SolutionGuid = {EA4989DB-53D2-4FD8-B4E9-0A82C4783628}
	EndGlobalSection
EndGlobal
